
Microsoft Visual Studio Solution File, Format Version 12.00
# Visual Studio 14
VisualStudioVersion = 14.0.25420.1
MinimumVisualStudioVersion = 10.0.40219.1
Project("{FAE04EC0-301F-11D3-BF4B-00C04F79EFBC}") = "FacadePattern", "FacadePattern\FacadePattern.csproj", "{299A97E1-1CBA-4E3B-9D69-1825C8CDF76F}"
EndProject
Project("{FAE04EC0-301F-11D3-BF4B-00C04F79EFBC}") = "SingletonPattern", "SingletonPattern\SingletonPattern.csproj", "{8A7F116A-1042-4807-A2FA-39B210BB3D83}"
EndProject
Project("{2150E333-8FDC-42A3-9474-1A3956D46DE8}") = "0_README", "0_README", "{C0221A85-7A20-4FD5-95C0-FAA04F237825}"
	ProjectSection(SolutionItems) = preProject
		PATTERNS_DESCRIPTIONS.txt = PATTERNS_DESCRIPTIONS.txt
	EndProjectSection
EndProject
Project("{FAE04EC0-301F-11D3-BF4B-00C04F79EFBC}") = "BridgePattern", "BridgePattern\BridgePattern.csproj", "{B11438C9-0BD0-47A2-B4E7-ED47B0F3FA4A}"
EndProject
Project("{2150E333-8FDC-42A3-9474-1A3956D46DE8}") = "2_Structural Patterns", "2_Structural Patterns", "{46075938-CA72-45EF-84EF-433510BBB742}"
EndProject
Project("{2150E333-8FDC-42A3-9474-1A3956D46DE8}") = "1_Creational Patterns", "1_Creational Patterns", "{B3311E5D-187B-44C8-9E7F-56CA473368B0}"
EndProject
Project("{FAE04EC0-301F-11D3-BF4B-00C04F79EFBC}") = "AbstractFactoryPattern", "AbstractFactoryPattern\AbstractFactoryPattern.csproj", "{3ACADA45-3689-4315-824C-7F3E955F6387}"
EndProject
Project("{FAE04EC0-301F-11D3-BF4B-00C04F79EFBC}") = "FactoryMethodPattern", "FactoryMethodPattern\FactoryMethodPattern.csproj", "{1471B8F3-7C23-44A1-8677-639E1DA9B19E}"
EndProject
Project("{FAE04EC0-301F-11D3-BF4B-00C04F79EFBC}") = "AdapterPattern", "AdapterPattern\AdapterPattern.csproj", "{2CED983A-CAD6-4ACA-8EAF-F41741177FC8}"
EndProject
Project("{FAE04EC0-301F-11D3-BF4B-00C04F79EFBC}") = "CompositePattern", "CompositePattern\CompositePattern.csproj", "{7B546D9C-A41D-4456-BB4C-AA3C3DAEC5A1}"
EndProject
Project("{FAE04EC0-301F-11D3-BF4B-00C04F79EFBC}") = "ProxyPattern", "ProxyPattern\ProxyPattern.csproj", "{1CED8294-797E-4F5F-9440-06F9627624B7}"
EndProject
Project("{2150E333-8FDC-42A3-9474-1A3956D46DE8}") = "3_Behavioral Patterns", "3_Behavioral Patterns", "{1C26620D-13BF-4431-9D5E-E44B86C8050B}"
EndProject
Global
	GlobalSection(SolutionConfigurationPlatforms) = preSolution
		Debug|Any CPU = Debug|Any CPU
		Release|Any CPU = Release|Any CPU
	EndGlobalSection
	GlobalSection(ProjectConfigurationPlatforms) = postSolution
		{299A97E1-1CBA-4E3B-9D69-1825C8CDF76F}.Debug|Any CPU.ActiveCfg = Debug|Any CPU
		{299A97E1-1CBA-4E3B-9D69-1825C8CDF76F}.Debug|Any CPU.Build.0 = Debug|Any CPU
		{299A97E1-1CBA-4E3B-9D69-1825C8CDF76F}.Release|Any CPU.ActiveCfg = Release|Any CPU
		{299A97E1-1CBA-4E3B-9D69-1825C8CDF76F}.Release|Any CPU.Build.0 = Release|Any CPU
		{8A7F116A-1042-4807-A2FA-39B210BB3D83}.Debug|Any CPU.ActiveCfg = Debug|Any CPU
		{8A7F116A-1042-4807-A2FA-39B210BB3D83}.Debug|Any CPU.Build.0 = Debug|Any CPU
		{8A7F116A-1042-4807-A2FA-39B210BB3D83}.Release|Any CPU.ActiveCfg = Release|Any CPU
		{8A7F116A-1042-4807-A2FA-39B210BB3D83}.Release|Any CPU.Build.0 = Release|Any CPU
		{B11438C9-0BD0-47A2-B4E7-ED47B0F3FA4A}.Debug|Any CPU.ActiveCfg = Debug|Any CPU
		{B11438C9-0BD0-47A2-B4E7-ED47B0F3FA4A}.Debug|Any CPU.Build.0 = Debug|Any CPU
		{B11438C9-0BD0-47A2-B4E7-ED47B0F3FA4A}.Release|Any CPU.ActiveCfg = Release|Any CPU
		{B11438C9-0BD0-47A2-B4E7-ED47B0F3FA4A}.Release|Any CPU.Build.0 = Release|Any CPU
		{3ACADA45-3689-4315-824C-7F3E955F6387}.Debug|Any CPU.ActiveCfg = Debug|Any CPU
		{3ACADA45-3689-4315-824C-7F3E955F6387}.Debug|Any CPU.Build.0 = Debug|Any CPU
		{3ACADA45-3689-4315-824C-7F3E955F6387}.Release|Any CPU.ActiveCfg = Release|Any CPU
		{3ACADA45-3689-4315-824C-7F3E955F6387}.Release|Any CPU.Build.0 = Release|Any CPU
		{1471B8F3-7C23-44A1-8677-639E1DA9B19E}.Debug|Any CPU.ActiveCfg = Debug|Any CPU
		{1471B8F3-7C23-44A1-8677-639E1DA9B19E}.Debug|Any CPU.Build.0 = Debug|Any CPU
		{1471B8F3-7C23-44A1-8677-639E1DA9B19E}.Release|Any CPU.ActiveCfg = Release|Any CPU
		{1471B8F3-7C23-44A1-8677-639E1DA9B19E}.Release|Any CPU.Build.0 = Release|Any CPU
		{2CED983A-CAD6-4ACA-8EAF-F41741177FC8}.Debug|Any CPU.ActiveCfg = Debug|Any CPU
		{2CED983A-CAD6-4ACA-8EAF-F41741177FC8}.Debug|Any CPU.Build.0 = Debug|Any CPU
		{2CED983A-CAD6-4ACA-8EAF-F41741177FC8}.Release|Any CPU.ActiveCfg = Release|Any CPU
		{2CED983A-CAD6-4ACA-8EAF-F41741177FC8}.Release|Any CPU.Build.0 = Release|Any CPU
		{7B546D9C-A41D-4456-BB4C-AA3C3DAEC5A1}.Debug|Any CPU.ActiveCfg = Debug|Any CPU
		{7B546D9C-A41D-4456-BB4C-AA3C3DAEC5A1}.Debug|Any CPU.Build.0 = Debug|Any CPU
		{7B546D9C-A41D-4456-BB4C-AA3C3DAEC5A1}.Release|Any CPU.ActiveCfg = Release|Any CPU
		{7B546D9C-A41D-4456-BB4C-AA3C3DAEC5A1}.Release|Any CPU.Build.0 = Release|Any CPU
		{1CED8294-797E-4F5F-9440-06F9627624B7}.Debug|Any CPU.ActiveCfg = Debug|Any CPU
		{1CED8294-797E-4F5F-9440-06F9627624B7}.Debug|Any CPU.Build.0 = Debug|Any CPU
		{1CED8294-797E-4F5F-9440-06F9627624B7}.Release|Any CPU.ActiveCfg = Release|Any CPU
		{1CED8294-797E-4F5F-9440-06F9627624B7}.Release|Any CPU.Build.0 = Release|Any CPU
	EndGlobalSection
	GlobalSection(SolutionProperties) = preSolution
		HideSolutionNode = FALSE
	EndGlobalSection
	GlobalSection(NestedProjects) = preSolution
		{299A97E1-1CBA-4E3B-9D69-1825C8CDF76F} = {46075938-CA72-45EF-84EF-433510BBB742}
		{8A7F116A-1042-4807-A2FA-39B210BB3D83} = {B3311E5D-187B-44C8-9E7F-56CA473368B0}
		{B11438C9-0BD0-47A2-B4E7-ED47B0F3FA4A} = {46075938-CA72-45EF-84EF-433510BBB742}
		{3ACADA45-3689-4315-824C-7F3E955F6387} = {B3311E5D-187B-44C8-9E7F-56CA473368B0}
		{1471B8F3-7C23-44A1-8677-639E1DA9B19E} = {B3311E5D-187B-44C8-9E7F-56CA473368B0}
		{2CED983A-CAD6-4ACA-8EAF-F41741177FC8} = {46075938-CA72-45EF-84EF-433510BBB742}
		{7B546D9C-A41D-4456-BB4C-AA3C3DAEC5A1} = {46075938-CA72-45EF-84EF-433510BBB742}
		{1CED8294-797E-4F5F-9440-06F9627624B7} = {46075938-CA72-45EF-84EF-433510BBB742}
	EndGlobalSection
EndGlobal
